uuid: 93454e42-99b2-4e6e-87cb-bc1192222146
langcode: en
status: true
dependencies:
  module:
    - eu_cookie_compliance
    - system
  theme:
    - hdbt_subtheme
id: hdbt_subtheme_eucookiecomplianceblock
theme: hdbt_subtheme
region: after_content
weight: -9
provider: helfi_eu_cookie_compliance
plugin: eu_cookie_compliance_block
settings:
  id: eu_cookie_compliance_block
  label: 'Eu Cookie Compliance Block'
  label_display: ''
  provider: eu_cookie_compliance
visibility:
  request_path:
    id: request_path
    negate: false
    pages: /cookie-information-and-settings
