uuid: 5307937c-e339-4f01-9563-8870a19d1a32
langcode: en
status: true
dependencies:
  module:
    - helfi_platform_config
  theme:
    - hdbt_subtheme
id: profileblock
theme: hdbt_subtheme
region: header_branding
weight: 0
provider: null
plugin: profile_block
settings:
  id: profile_block
  label: 'Profile block'
  label_display: '0'
  provider: helfi_platform_config
visibility: {  }
