uuid: 9daf2db0-e382-431a-9a72-53e5f89fc647
langcode: en
status: true
dependencies:
  module:
    - helfi_platform_config
  theme:
    - hdbt_subtheme
id: hdbt_subtheme_lowercontentblock
theme: hdbt_subtheme
region: after_content
weight: -10
provider: helfi_base_content
plugin: lower_content_block
settings:
  id: lower_content_block
  label: 'Lower content block'
  label_display: ''
  provider: helfi_platform_config
visibility: {  }
